// !$*UTF8*$!
{
	archiveVersion = 1;
	classes = {
	};
	objectVersion = 55;
	objects = {

/* Begin PBXBuildFile section */
		C4AC6B1328B4AA3600B7A074 /* EmojiArtMultiplatformApp.swift in Sources */ = {isa = PBXBuildFile; fileRef = C4AC6AFF28B4AA3500B7A074 /* EmojiArtMultiplatformApp.swift */; };
		C4AC6B1428B4AA3600B7A074 /* EmojiArtMultiplatformApp.swift in Sources */ = {isa = PBXBuildFile; fileRef = C4AC6AFF28B4AA3500B7A074 /* EmojiArtMultiplatformApp.swift */; };
		C4AC6B1528B4AA3600B7A074 /* EmojiArtMultiplatformDocument.swift in Sources */ = {isa = PBXBuildFile; fileRef = C4AC6B0028B4AA3500B7A074 /* EmojiArtMultiplatformDocument.swift */; };
		C4AC6B1628B4AA3600B7A074 /* EmojiArtMultiplatformDocument.swift in Sources */ = {isa = PBXBuildFile; fileRef = C4AC6B0028B4AA3500B7A074 /* EmojiArtMultiplatformDocument.swift */; };
		C4AC6B1728B4AA3600B7A074 /* ContentView.swift in Sources */ = {isa = PBXBuildFile; fileRef = C4AC6B0128B4AA3500B7A074 /* ContentView.swift */; };
		C4AC6B1828B4AA3600B7A074 /* ContentView.swift in Sources */ = {isa = PBXBuildFile; fileRef = C4AC6B0128B4AA3500B7A074 /* ContentView.swift */; };
		C4AC6B1928B4AA3600B7A074 /* Assets.xcassets in Resources */ = {isa = PBXBuildFile; fileRef = C4AC6B0228B4AA3600B7A074 /* Assets.xcassets */; };
		C4AC6B1A28B4AA3600B7A074 /* Assets.xcassets in Resources */ = {isa = PBXBuildFile; fileRef = C4AC6B0228B4AA3600B7A074 /* Assets.xcassets */; };
/* End PBXBuildFile section */

/* Begin PBXFileReference section */
		C4AC6AFF28B4AA3500B7A074 /* EmojiArtMultiplatformApp.swift */ = {isa = PBXFileReference; lastKnownFileType = sourcecode.swift; path = EmojiArtMultiplatformApp.swift; sourceTree = "<group>"; };
		C4AC6B0028B4AA3500B7A074 /* EmojiArtMultiplatformDocument.swift */ = {isa = PBXFileReference; lastKnownFileType = sourcecode.swift; path = EmojiArtMultiplatformDocument.swift; sourceTree = "<group>"; };
		C4AC6B0128B4AA3500B7A074 /* ContentView.swift */ = {isa = PBXFileReference; lastKnownFileType = sourcecode.swift; path = ContentView.swift; sourceTree = "<group>"; };
		C4AC6B0228B4AA3600B7A074 /* Assets.xcassets */ = {isa = PBXFileReference; lastKnownFileType = folder.assetcatalog; path = Assets.xcassets; sourceTree = "<group>"; };
		C4AC6B0728B4AA3600B7A074 /* EmojiArtMultiplatform.app */ = {isa = PBXFileReference; explicitFileType = wrapper.application; includeInIndex = 0; path = EmojiArtMultiplatform.app; sourceTree = BUILT_PRODUCTS_DIR; };
		C4AC6B0A28B4AA3600B7A074 /* Info.plist */ = {isa = PBXFileReference; lastKnownFileType = text.plist.xml; path = Info.plist; sourceTree = "<group>"; };
		C4AC6B0F28B4AA3600B7A074 /* EmojiArtMultiplatform.app */ = {isa = PBXFileReference; explicitFileType = wrapper.application; includeInIndex = 0; path = EmojiArtMultiplatform.app; sourceTree = BUILT_PRODUCTS_DIR; };
		C4AC6B1128B4AA3600B7A074 /* Info.plist */ = {isa = PBXFileReference; lastKnownFileType = text.plist.xml; path = Info.plist; sourceTree = "<group>"; };
		C4AC6B1228B4AA3600B7A074 /* macOS.entitlements */ = {isa = PBXFileReference; lastKnownFileType = text.plist.entitlements; path = macOS.entitlements; sourceTree = "<group>"; };
/* End PBXFileReference section */

/* Begin PBXFrameworksBuildPhase section */
		C4AC6B0428B4AA3600B7A074 /* Frameworks */ = {
			isa = PBXFrameworksBuildPhase;
			buildActionMask = 2147483647;
			files = (
			);
			runOnlyForDeploymentPostprocessing = 0;
		};
		C4AC6B0C28B4AA3600B7A074 /* Frameworks */ = {
			isa = PBXFrameworksBuildPhase;
			buildActionMask = 2147483647;
			files = (
			);
			runOnlyForDeploymentPostprocessing = 0;
		};
/* End PBXFrameworksBuildPhase section */

/* Begin PBXGroup section */
		C4AC6AF928B4AA3500B7A074 = {
			isa = PBXGroup;
			children = (
				C4AC6AFE28B4AA3500B7A074 /* Shared */,
				C4AC6B0928B4AA3600B7A074 /* iOS */,
				C4AC6B1028B4AA3600B7A074 /* macOS */,
				C4AC6B0828B4AA3600B7A074 /* Products */,
			);
			sourceTree = "<group>";
		};
		C4AC6AFE28B4AA3500B7A074 /* Shared */ = {
			isa = PBXGroup;
			children = (
				C4AC6AFF28B4AA3500B7A074 /* EmojiArtMultiplatformApp.swift */,
				C4AC6B0028B4AA3500B7A074 /* EmojiArtMultiplatformDocument.swift */,
				C4AC6B0128B4AA3500B7A074 /* ContentView.swift */,
				C4AC6B0228B4AA3600B7A074 /* Assets.xcassets */,
			);
			path = Shared;
			sourceTree = "<group>";
		};
		C4AC6B0828B4AA3600B7A074 /* Products */ = {
			isa = PBXGroup;
			children = (
				C4AC6B0728B4AA3600B7A074 /* EmojiArtMultiplatform.app */,
				C4AC6B0F28B4AA3600B7A074 /* EmojiArtMultiplatform.app */,
			);
			name = Products;
			sourceTree = "<group>";
		};
		C4AC6B0928B4AA3600B7A074 /* iOS */ = {
			isa = PBXGroup;
			children = (
				C4AC6B0A28B4AA3600B7A074 /* Info.plist */,
			);
			path = iOS;
			sourceTree = "<group>";
		};
		C4AC6B1028B4AA3600B7A074 /* macOS */ = {
			isa = PBXGroup;
			children = (
				C4AC6B1128B4AA3600B7A074 /* Info.plist */,
				C4AC6B1228B4AA3600B7A074 /* macOS.entitlements */,
			);
			path = macOS;
			sourceTree = "<group>";
		};
/* End PBXGroup section */

/* Begin PBXNativeTarget section */
		C4AC6B0628B4AA3600B7A074 /* EmojiArtMultiplatform (iOS) */ = {
			isa = PBXNativeTarget;
			buildConfigurationList = C4AC6B1D28B4AA3600B7A074 /* Build configuration list for PBXNativeTarget "EmojiArtMultiplatform (iOS)" */;
			buildPhases = (
				C4AC6B0328B4AA3600B7A074 /* Sources */,
				C4AC6B0428B4AA3600B7A074 /* Frameworks */,
				C4AC6B0528B4AA3600B7A074 /* Resources */,
			);
			buildRules = (
			);
			dependencies = (
			);
			name = "EmojiArtMultiplatform (iOS)";
			productName = "EmojiArtMultiplatform (iOS)";
			productReference = C4AC6B0728B4AA3600B7A074 /* EmojiArtMultiplatform.app */;
			productType = "com.apple.product-type.application";
		};
		C4AC6B0E28B4AA3600B7A074 /* EmojiArtMultiplatform (macOS) */ = {
			isa = PBXNativeTarget;
			buildConfigurationList = C4AC6B2028B4AA3600B7A074 /* Build configuration list for PBXNativeTarget "EmojiArtMultiplatform (macOS)" */;
			buildPhases = (
				C4AC6B0B28B4AA3600B7A074 /* Sources */,
				C4AC6B0C28B4AA3600B7A074 /* Frameworks */,
				C4AC6B0D28B4AA3600B7A074 /* Resources */,
			);
			buildRules = (
			);
			dependencies = (
			);
			name = "EmojiArtMultiplatform (macOS)";
			productName = "EmojiArtMultiplatform (macOS)";
			productReference = C4AC6B0F28B4AA3600B7A074 /* EmojiArtMultiplatform.app */;
			productType = "com.apple.product-type.application";
		};
/* End PBXNativeTarget section */

/* Begin PBXProject section */
		C4AC6AFA28B4AA3500B7A074 /* Project object */ = {
			isa = PBXProject;
			attributes = {
				BuildIndependentTargetsInParallel = 1;
				LastSwiftUpdateCheck = 1340;
				LastUpgradeCheck = 1340;
				TargetAttributes = {
					C4AC6B0628B4AA3600B7A074 = {
						CreatedOnToolsVersion = 13.4.1;
					};
					C4AC6B0E28B4AA3600B7A074 = {
						CreatedOnToolsVersion = 13.4.1;
					};
				};
			};
			buildConfigurationList = C4AC6AFD28B4AA3500B7A074 /* Build configuration list for PBXProject "EmojiArtMultiplatform" */;
			compatibilityVersion = "Xcode 13.0";
			developmentRegion = en;
			hasScannedForEncodings = 0;
			knownRegions = (
				en,
				Base,
			);
			mainGroup = C4AC6AF928B4AA3500B7A074;
			productRefGroup = C4AC6B0828B4AA3600B7A074 /* Products */;
			projectDirPath = "";
			projectRoot = "";
			targets = (
				C4AC6B0628B4AA3600B7A074 /* EmojiArtMultiplatform (iOS) */,
				C4AC6B0E28B4AA3600B7A074 /* EmojiArtMultiplatform (macOS) */,
			);
		};
/* End PBXProject section */

/* Begin PBXResourcesBuildPhase section */
		C4AC6B0528B4AA3600B7A074 /* Resources */ = {
			isa = PBXResourcesBuildPhase;
			buildActionMask = 2147483647;
			files = (
				C4AC6B1928B4AA3600B7A074 /* Assets.xcassets in Resources */,
			);
			runOnlyForDeploymentPostprocessing = 0;
		};
		C4AC6B0D28B4AA3600B7A074 /* Resources */ = {
			isa = PBXResourcesBuildPhase;
			buildActionMask = 2147483647;
			files = (
				C4AC6B1A28B4AA3600B7A074 /* Assets.xcassets in Resources */,
			);
			runOnlyForDeploymentPostprocessing = 0;
		};
/* End PBXResourcesBuildPhase section */

/* Begin PBXSourcesBuildPhase section */
		C4AC6B0328B4AA3600B7A074 /* Sources */ = {
			isa = PBXSourcesBuildPhase;
			buildActionMask = 2147483647;
			files = (
				C4AC6B1528B4AA3600B7A074 /* EmojiArtMultiplatformDocument.swift in Sources */,
				C4AC6B1328B4AA3600B7A074 /* EmojiArtMultiplatformApp.swift in Sources */,
				C4AC6B1728B4AA3600B7A074 /* ContentView.swift in Sources */,
			);
			runOnlyForDeploymentPostprocessing = 0;
		};
		C4AC6B0B28B4AA3600B7A074 /* Sources */ = {
			isa = PBXSourcesBuildPhase;
			buildActionMask = 2147483647;
			files = (
				C4AC6B1628B4AA3600B7A074 /* EmojiArtMultiplatformDocument.swift in Sources */,
				C4AC6B1428B4AA3600B7A074 /* EmojiArtMultiplatformApp.swift in Sources */,
				C4AC6B1828B4AA3600B7A074 /* ContentView.swift in Sources */,
			);
			runOnlyForDeploymentPostprocessing = 0;
		};
/* End PBXSourcesBuildPhase section */

/* Begin XCBuildConfiguration section */
		C4AC6B1B28B4AA3600B7A074 /* Debug */ = {
			isa = XCBuildConfiguration;
			buildSettings = {
				ALWAYS_SEARCH_USER_PATHS = NO;
				CLANG_ANALYZER_NONNULL = YES;
				CLANG_ANALYZER_NUMBER_OBJECT_CONVERSION = YES_AGGRESSIVE;
				CLANG_CXX_LANGUAGE_STANDARD = "gnu++17";
				CLANG_ENABLE_MODULES = YES;
				CLANG_ENABLE_OBJC_ARC = YES;
				CLANG_ENABLE_OBJC_WEAK = YES;
				CLANG_WARN_BLOCK_CAPTURE_AUTORELEASING = YES;
				CLANG_WARN_BOOL_CONVERSION = YES;
				CLANG_WARN_COMMA = YES;
				CLANG_WARN_CONSTANT_CONVERSION = YES;
				CLANG_WARN_DEPRECATED_OBJC_IMPLEMENTATIONS = YES;
				CLANG_WARN_DIRECT_OBJC_ISA_USAGE = YES_ERROR;
				CLANG_WARN_DOCUMENTATION_COMMENTS = YES;
				CLANG_WARN_EMPTY_BODY = YES;
				CLANG_WARN_ENUM_CONVERSION = YES;
				CLANG_WARN_INFINITE_RECURSION = YES;
				CLANG_WARN_INT_CONVERSION = YES;
				CLANG_WARN_NON_LITERAL_NULL_CONVERSION = YES;
				CLANG_WARN_OBJC_IMPLICIT_RETAIN_SELF = YES;
				CLANG_WARN_OBJC_LITERAL_CONVERSION = YES;
				CLANG_WARN_OBJC_ROOT_CLASS = YES_ERROR;
				CLANG_WARN_QUOTED_INCLUDE_IN_FRAMEWORK_HEADER = YES;
				CLANG_WARN_RANGE_LOOP_ANALYSIS = YES;
				CLANG_WARN_STRICT_PROTOTYPES = YES;
				CLANG_WARN_SUSPICIOUS_MOVE = YES;
				CLANG_WARN_UNGUARDED_AVAILABILITY = YES_AGGRESSIVE;
				CLANG_WARN_UNREACHABLE_CODE = YES;
				CLANG_WARN__DUPLICATE_METHOD_MATCH = YES;
				COPY_PHASE_STRIP = NO;
				DEBUG_INFORMATION_FORMAT = dwarf;
				ENABLE_STRICT_OBJC_MSGSEND = YES;
				ENABLE_TESTABILITY = YES;
				GCC_C_LANGUAGE_STANDARD = gnu11;
				GCC_DYNAMIC_NO_PIC = NO;
				GCC_NO_COMMON_BLOCKS = YES;
				GCC_OPTIMIZATION_LEVEL = 0;
				GCC_PREPROCESSOR_DEFINITIONS = (
					"DEBUG=1",
					"$(inherited)",
				);
				GCC_WARN_64_TO_32_BIT_CONVERSION = YES;
				GCC_WARN_ABOUT_RETURN_TYPE = YES_ERROR;
				GCC_WARN_UNDECLARED_SELECTOR = YES;
				GCC_WARN_UNINITIALIZED_AUTOS = YES_AGGRESSIVE;
				GCC_WARN_UNUSED_FUNCTION = YES;
				GCC_WARN_UNUSED_VARIABLE = YES;
				MTL_ENABLE_DEBUG_INFO = INCLUDE_SOURCE;
				MTL_FAST_MATH = YES;
				ONLY_ACTIVE_ARCH = YES;
				SWIFT_ACTIVE_COMPILATION_CONDITIONS = DEBUG;
				SWIFT_OPTIMIZATION_LEVEL = "-Onone";
			};
			name = Debug;
		};
		C4AC6B1C28B4AA3600B7A074 /* Release */ = {
			isa = XCBuildConfiguration;
			buildSettings = {
				ALWAYS_SEARCH_USER_PATHS = NO;
				CLANG_ANALYZER_NONNULL = YES;
				CLANG_ANALYZER_NUMBER_OBJECT_CONVERSION = YES_AGGRESSIVE;
				CLANG_CXX_LANGUAGE_STANDARD = "gnu++17";
				CLANG_ENABLE_MODULES = YES;
				CLANG_ENABLE_OBJC_ARC = YES;
				CLANG_ENABLE_OBJC_WEAK = YES;
				CLANG_WARN_BLOCK_CAPTURE_AUTORELEASING = YES;
				CLANG_WARN_BOOL_CONVERSION = YES;
				CLANG_WARN_COMMA = YES;
				CLANG_WARN_CONSTANT_CONVERSION = YES;
				CLANG_WARN_DEPRECATED_OBJC_IMPLEMENTATIONS = YES;
				CLANG_WARN_DIRECT_OBJC_ISA_USAGE = YES_ERROR;
				CLANG_WARN_DOCUMENTATION_COMMENTS = YES;
				CLANG_WARN_EMPTY_BODY = YES;
				CLANG_WARN_ENUM_CONVERSION = YES;
				CLANG_WARN_INFINITE_RECURSION = YES;
				CLANG_WARN_INT_CONVERSION = YES;
				CLANG_WARN_NON_LITERAL_NULL_CONVERSION = YES;
				CLANG_WARN_OBJC_IMPLICIT_RETAIN_SELF = YES;
				CLANG_WARN_OBJC_LITERAL_CONVERSION = YES;
				CLANG_WARN_OBJC_ROOT_CLASS = YES_ERROR;
				CLANG_WARN_QUOTED_INCLUDE_IN_FRAMEWORK_HEADER = YES;
				CLANG_WARN_RANGE_LOOP_ANALYSIS = YES;
				CLANG_WARN_STRICT_PROTOTYPES = YES;
				CLANG_WARN_SUSPICIOUS_MOVE = YES;
				CLANG_WARN_UNGUARDED_AVAILABILITY = YES_AGGRESSIVE;
				CLANG_WARN_UNREACHABLE_CODE = YES;
				CLANG_WARN__DUPLICATE_METHOD_MATCH = YES;
				COPY_PHASE_STRIP = NO;
				DEBUG_INFORMATION_FORMAT = "dwarf-with-dsym";
				ENABLE_NS_ASSERTIONS = NO;
				ENABLE_STRICT_OBJC_MSGSEND = YES;
				GCC_C_LANGUAGE_STANDARD = gnu11;
				GCC_NO_COMMON_BLOCKS = YES;
				GCC_WARN_64_TO_32_BIT_CONVERSION = YES;
				GCC_WARN_ABOUT_RETURN_TYPE = YES_ERROR;
				GCC_WARN_UNDECLARED_SELECTOR = YES;
				GCC_WARN_UNINITIALIZED_AUTOS = YES_AGGRESSIVE;
				GCC_WARN_UNUSED_FUNCTION = YES;
				GCC_WARN_UNUSED_VARIABLE = YES;
				MTL_ENABLE_DEBUG_INFO = NO;
				MTL_FAST_MATH = YES;
				SWIFT_COMPILATION_MODE = wholemodule;
				SWIFT_OPTIMIZATION_LEVEL = "-O";
			};
			name = Release;
		};
		C4AC6B1E28B4AA3600B7A074 /* Debug */ = {
			isa = XCBuildConfiguration;
			buildSettings = {
				ASSETCATALOG_COMPILER_APPICON_NAME = AppIcon;
				ASSETCATALOG_COMPILER_GLOBAL_ACCENT_COLOR_NAME = AccentColor;
				CODE_SIGN_STYLE = Automatic;
				CURRENT_PROJECT_VERSION = 1;
				DEVELOPMENT_TEAM = 48CD8L4C4U;
				ENABLE_PREVIEWS = YES;
				GENERATE_INFOPLIST_FILE = YES;
				INFOPLIST_FILE = iOS/Info.plist;
				INFOPLIST_KEY_LSSupportsOpeningDocumentsInPlace = YES;
				INFOPLIST_KEY_UIApplicationSceneManifest_Generation = YES;
				INFOPLIST_KEY_UIApplicationSupportsIndirectInputEvents = YES;
				INFOPLIST_KEY_UILaunchScreen_Generation = YES;
				INFOPLIST_KEY_UISupportedInterfaceOrientations_iPad = "UIInterfaceOrientationPortrait UIInterfaceOrientationPortraitUpsideDown UIInterfaceOrientationLandscapeLeft UIInterfaceOrientationLandscapeRight";
				INFOPLIST_KEY_UISupportedInterfaceOrientations_iPhone = "UIInterfaceOrientationPortrait UIInterfaceOrientationLandscapeLeft UIInterfaceOrientationLandscapeRight";
				INFOPLIST_KEY_UISupportsDocumentBrowser = YES;
				IPHONEOS_DEPLOYMENT_TARGET = 15.5;
				LD_RUNPATH_SEARCH_PATHS = (
					"$(inherited)",
					"@executable_path/Frameworks",
				);
				MARKETING_VERSION = 1.0;
				PRODUCT_BUNDLE_IDENTIFIER = com.rcarranca.EmojiArtMultiplatform;
				PRODUCT_NAME = EmojiArtMultiplatform;
				SDKROOT = iphoneos;
				SWIFT_EMIT_LOC_STRINGS = YES;
				SWIFT_VERSION = 5.0;
				TARGETED_DEVICE_FAMILY = "1,2";
			};
			name = Debug;
		};
		C4AC6B1F28B4AA3600B7A074 /* Release */ = {
			isa = XCBuildConfiguration;
			buildSettings = {
				ASSETCATALOG_COMPILER_APPICON_NAME = AppIcon;
				ASSETCATALOG_COMPILER_GLOBAL_ACCENT_COLOR_NAME = AccentColor;
				CODE_SIGN_STYLE = Automatic;
				CURRENT_PROJECT_VERSION = 1;
				DEVELOPMENT_TEAM = 48CD8L4C4U;
				ENABLE_PREVIEWS = YES;
				GENERATE_INFOPLIST_FILE = YES;
				INFOPLIST_FILE = iOS/Info.plist;
				INFOPLIST_KEY_LSSupportsOpeningDocumentsInPlace = YES;
				INFOPLIST_KEY_UIApplicationSceneManifest_Generation = YES;
				INFOPLIST_KEY_UIApplicationSupportsIndirectInputEvents = YES;
				INFOPLIST_KEY_UILaunchScreen_Generation = YES;
				INFOPLIST_KEY_UISupportedInterfaceOrientations_iPad = "UIInterfaceOrientationPortrait UIInterfaceOrientationPortraitUpsideDown UIInterfaceOrientationLandscapeLeft UIInterfaceOrientationLandscapeRight";
				INFOPLIST_KEY_UISupportedInterfaceOrientations_iPhone = "UIInterfaceOrientationPortrait UIInterfaceOrientationLandscapeLeft UIInterfaceOrientationLandscapeRight";
				INFOPLIST_KEY_UISupportsDocumentBrowser = YES;
				IPHONEOS_DEPLOYMENT_TARGET = 15.5;
				LD_RUNPATH_SEARCH_PATHS = (
					"$(inherited)",
					"@executable_path/Frameworks",
				);
				MARKETING_VERSION = 1.0;
				PRODUCT_BUNDLE_IDENTIFIER = com.rcarranca.EmojiArtMultiplatform;
				PRODUCT_NAME = EmojiArtMultiplatform;
				SDKROOT = iphoneos;
				SWIFT_EMIT_LOC_STRINGS = YES;
				SWIFT_VERSION = 5.0;
				TARGETED_DEVICE_FAMILY = "1,2";
				VALIDATE_PRODUCT = YES;
			};
			name = Release;
		};
		C4AC6B2128B4AA3600B7A074 /* Debug */ = {
			isa = XCBuildConfiguration;
			buildSettings = {
				ASSETCATALOG_COMPILER_APPICON_NAME = AppIcon;
				ASSETCATALOG_COMPILER_GLOBAL_ACCENT_COLOR_NAME = AccentColor;
				CODE_SIGN_ENTITLEMENTS = macOS/macOS.entitlements;
				CODE_SIGN_STYLE = Automatic;
				COMBINE_HIDPI_IMAGES = YES;
				CURRENT_PROJECT_VERSION = 1;
				DEVELOPMENT_TEAM = 48CD8L4C4U;
				ENABLE_HARDENED_RUNTIME = YES;
				ENABLE_PREVIEWS = YES;
				GENERATE_INFOPLIST_FILE = YES;
				INFOPLIST_FILE = macOS/Info.plist;
				INFOPLIST_KEY_NSHumanReadableCopyright = "";
				LD_RUNPATH_SEARCH_PATHS = (
					"$(inherited)",
					"@executable_path/../Frameworks",
				);
				MACOSX_DEPLOYMENT_TARGET = 12.3;
				MARKETING_VERSION = 1.0;
				PRODUCT_BUNDLE_IDENTIFIER = com.rcarranca.EmojiArtMultiplatform;
				PRODUCT_NAME = EmojiArtMultiplatform;
				SDKROOT = macosx;
				SWIFT_EMIT_LOC_STRINGS = YES;
				SWIFT_VERSION = 5.0;
			};
			name = Debug;
		};
		C4AC6B2228B4AA3600B7A074 /* Release */ = {
			isa = XCBuildConfiguration;
			buildSettings = {
				ASSETCATALOG_COMPILER_APPICON_NAME = AppIcon;
				ASSETCATALOG_COMPILER_GLOBAL_ACCENT_COLOR_NAME = AccentColor;
				CODE_SIGN_ENTITLEMENTS = macOS/macOS.entitlements;
				CODE_SIGN_STYLE = Automatic;
				COMBINE_HIDPI_IMAGES = YES;
				CURRENT_PROJECT_VERSION = 1;
				DEVELOPMENT_TEAM = 48CD8L4C4U;
				ENABLE_HARDENED_RUNTIME = YES;
				ENABLE_PREVIEWS = YES;
				GENERATE_INFOPLIST_FILE = YES;
				INFOPLIST_FILE = macOS/Info.plist;
				INFOPLIST_KEY_NSHumanReadableCopyright = "";
				LD_RUNPATH_SEARCH_PATHS = (
					"$(inherited)",
					"@executable_path/../Frameworks",
				);
				MACOSX_DEPLOYMENT_TARGET = 12.3;
				MARKETING_VERSION = 1.0;
				PRODUCT_BUNDLE_IDENTIFIER = com.rcarranca.EmojiArtMultiplatform;
				PRODUCT_NAME = EmojiArtMultiplatform;
				SDKROOT = macosx;
				SWIFT_EMIT_LOC_STRINGS = YES;
				SWIFT_VERSION = 5.0;
			};
			name = Release;
		};
/* End XCBuildConfiguration section */

/* Begin XCConfigurationList section */
		C4AC6AFD28B4AA3500B7A074 /* Build configuration list for PBXProject "EmojiArtMultiplatform" */ = {
			isa = XCConfigurationList;
			buildConfigurations = (
				C4AC6B1B28B4AA3600B7A074 /* Debug */,
				C4AC6B1C28B4AA3600B7A074 /* Release */,
			);
			defaultConfigurationIsVisible = 0;
			defaultConfigurationName = Release;
		};
		C4AC6B1D28B4AA3600B7A074 /* Build configuration list for PBXNativeTarget "EmojiArtMultiplatform (iOS)" */ = {
			isa = XCConfigurationList;
			buildConfigurations = (
				C4AC6B1E28B4AA3600B7A074 /* Debug */,
				C4AC6B1F28B4AA3600B7A074 /* Release */,
			);
			defaultConfigurationIsVisible = 0;
			defaultConfigurationName = Release;
		};
		C4AC6B2028B4AA3600B7A074 /* Build configuration list for PBXNativeTarget "EmojiArtMultiplatform (macOS)" */ = {
			isa = XCConfigurationList;
			buildConfigurations = (
				C4AC6B2128B4AA3600B7A074 /* Debug */,
				C4AC6B2228B4AA3600B7A074 /* Release */,
			);
			defaultConfigurationIsVisible = 0;
			defaultConfigurationName = Release;
		};
/* End XCConfigurationList section */
	};
	rootObject = C4AC6AFA28B4AA3500B7A074 /* Project object */;
}
